// !$*UTF8*$!
{
	archiveVersion = 1;
	classes = {
	};
	objectVersion = 51;
	objects = {

/* Begin PBXBuildFile section */
		B1E58EA1ED20A76CE6E7E075 /* Pods_PiverlayTests.framework in Frameworks */ = {isa = PBXBuildFile; fileRef = 890DC8CA320057EF80B602B4 /* Pods_PiverlayTests.framework */; };
		B93F0B0989B608E2E88698C1 /* Pods_Piverlay.framework in Frameworks */ = {isa = PBXBuildFile; fileRef = 1CAB970E0452233B3A2DC9EC /* Pods_Piverlay.framework */; };
		CB8279DA784B6B377DDBCC1D /* Pods_Piverlay_PiverlayUITests.framework in Frameworks */ = {isa = PBXBuildFile; fileRef = 60129E5B94B49AD9B92A7E60 /* Pods_Piverlay_PiverlayUITests.framework */; };
		FE33E16225F3BC79003CBF05 /* AppDelegate.swift in Sources */ = {isa = PBXBuildFile; fileRef = FE33E16125F3BC79003CBF05 /* AppDelegate.swift */; };
		FE33E16B25F3BC7B003CBF05 /* Assets.xcassets in Resources */ = {isa = PBXBuildFile; fileRef = FE33E16A25F3BC7B003CBF05 /* Assets.xcassets */; };
		FE33E16E25F3BC7B003CBF05 /* LaunchScreen.storyboard in Resources */ = {isa = PBXBuildFile; fileRef = FE33E16C25F3BC7B003CBF05 /* LaunchScreen.storyboard */; };
		FE33E1DD25F3DC0E003CBF05 /* PhotoAlbumViewController.swift in Sources */ = {isa = PBXBuildFile; fileRef = FE33E1DB25F3DC0E003CBF05 /* PhotoAlbumViewController.swift */; };
		FE33E1DE25F3DC0E003CBF05 /* PhotoAlbumViewController.xib in Resources */ = {isa = PBXBuildFile; fileRef = FE33E1DC25F3DC0E003CBF05 /* PhotoAlbumViewController.xib */; };
		FE33E1E325F3DE30003CBF05 /* PhotoAlbumCell.swift in Sources */ = {isa = PBXBuildFile; fileRef = FE33E1E225F3DE30003CBF05 /* PhotoAlbumCell.swift */; };
		FE33E1E825F3DFCB003CBF05 /* PhotoGridViewController.swift in Sources */ = {isa = PBXBuildFile; fileRef = FE33E1E625F3DFCB003CBF05 /* PhotoGridViewController.swift */; };
		FE33E1E925F3DFCB003CBF05 /* PhotoGridViewController.xib in Resources */ = {isa = PBXBuildFile; fileRef = FE33E1E725F3DFCB003CBF05 /* PhotoGridViewController.xib */; };
		FE33E1ED25F3E036003CBF05 /* PhotoGridCell.swift in Sources */ = {isa = PBXBuildFile; fileRef = FE33E1EC25F3E036003CBF05 /* PhotoGridCell.swift */; };
		FE33E1FC25F3EE14003CBF05 /* PhotoOverlayViewController.swift in Sources */ = {isa = PBXBuildFile; fileRef = FE33E1FA25F3EE14003CBF05 /* PhotoOverlayViewController.swift */; };
		FE33E1FD25F3EE14003CBF05 /* PhotoOverlayViewController.xib in Resources */ = {isa = PBXBuildFile; fileRef = FE33E1FB25F3EE14003CBF05 /* PhotoOverlayViewController.xib */; };
		FE33E20125F40088003CBF05 /* SVGCollectionViewCell.swift in Sources */ = {isa = PBXBuildFile; fileRef = FE33E1FF25F40088003CBF05 /* SVGCollectionViewCell.swift */; };
		FE33E20225F40088003CBF05 /* SVGCollectionViewCell.xib in Resources */ = {isa = PBXBuildFile; fileRef = FE33E20025F40088003CBF05 /* SVGCollectionViewCell.xib */; };
		FE33E20C25F414F9003CBF05 /* PLUtil.swift in Sources */ = {isa = PBXBuildFile; fileRef = FE33E20B25F414F9003CBF05 /* PLUtil.swift */; };
		FE33E22025F5CD67003CBF05 /* PhotoAlbum.swift in Sources */ = {isa = PBXBuildFile; fileRef = FE33E21F25F5CD67003CBF05 /* PhotoAlbum.swift */; };
		FE33E22725F5D28A003CBF05 /* PhotoAlbumPresenter.swift in Sources */ = {isa = PBXBuildFile; fileRef = FE33E22625F5D28A003CBF05 /* PhotoAlbumPresenter.swift */; };
		FE33E22A25F5D2AD003CBF05 /* PhotoAlbumService.swift in Sources */ = {isa = PBXBuildFile; fileRef = FE33E22925F5D2AD003CBF05 /* PhotoAlbumService.swift */; };
		FE68E06325F6832A004CC11C /* PhotoOverlayPresenter.swift in Sources */ = {isa = PBXBuildFile; fileRef = FE68E06225F6832A004CC11C /* PhotoOverlayPresenter.swift */; };
		FE68E06625F6836C004CC11C /* PhotoOverlay.swift in Sources */ = {isa = PBXBuildFile; fileRef = FE68E06525F6836C004CC11C /* PhotoOverlay.swift */; };
		FE68E06925F6837F004CC11C /* PhotoOverlayService.swift in Sources */ = {isa = PBXBuildFile; fileRef = FE68E06825F6837F004CC11C /* PhotoOverlayService.swift */; };
		FE68E07225F68C24004CC11C /* PiverlayUITests.swift in Sources */ = {isa = PBXBuildFile; fileRef = FE68E07125F68C24004CC11C /* PiverlayUITests.swift */; };
		FE68E08225F68C44004CC11C /* PiverlayTests.swift in Sources */ = {isa = PBXBuildFile; fileRef = FE68E08125F68C44004CC11C /* PiverlayTests.swift */; };
		FE68E0C525F6F23F004CC11C /* Main.storyboard in Resources */ = {isa = PBXBuildFile; fileRef = FE68E0C425F6F23F004CC11C /* Main.storyboard */; };
		FE68E0CD25F6F2A5004CC11C /* ViewController.swift in Sources */ = {isa = PBXBuildFile; fileRef = FE68E0CC25F6F2A5004CC11C /* ViewController.swift */; };
		FE68E0D525F6F945004CC11C /* ResizeInputView.swift in Sources */ = {isa = PBXBuildFile; fileRef = FE68E0D425F6F945004CC11C /* ResizeInputView.swift */; };
		FE68E0DA25F6F972004CC11C /* ResizeInputView.xib in Resources */ = {isa = PBXBuildFile; fileRef = FE68E0D925F6F972004CC11C /* ResizeInputView.xib */; };
		FEFDCD9225F65C8C0081E9BA /* PhotoGridPresenter.swift in Sources */ = {isa = PBXBuildFile; fileRef = FEFDCD9125F65C8C0081E9BA /* PhotoGridPresenter.swift */; };
/* End PBXBuildFile section */

/* Begin PBXContainerItemProxy section */
		FE68E07425F68C24004CC11C /* PBXContainerItemProxy */ = {
			isa = PBXContainerItemProxy;
			containerPortal = FE33E15625F3BC78003CBF05 /* Project object */;
			proxyType = 1;
			remoteGlobalIDString = FE33E15D25F3BC78003CBF05;
			remoteInfo = Piverlay;
		};
		FE68E08425F68C44004CC11C /* PBXContainerItemProxy */ = {
			isa = PBXContainerItemProxy;
			containerPortal = FE33E15625F3BC78003CBF05 /* Project object */;
			proxyType = 1;
			remoteGlobalIDString = FE33E15D25F3BC78003CBF05;
			remoteInfo = Piverlay;
		};
/* End PBXContainerItemProxy section */

/* Begin PBXFileReference section */
		0C8F1E55CFCB906ED992E8B1 /* Pods-Piverlay.release.xcconfig */ = {isa = PBXFileReference; includeInIndex = 1; lastKnownFileType = text.xcconfig; name = "Pods-Piverlay.release.xcconfig"; path = "Target Support Files/Pods-Piverlay/Pods-Piverlay.release.xcconfig"; sourceTree = "<group>"; };
		1CAB970E0452233B3A2DC9EC /* Pods_Piverlay.framework */ = {isa = PBXFileReference; explicitFileType = wrapper.framework; includeInIndex = 0; path = Pods_Piverlay.framework; sourceTree = BUILT_PRODUCTS_DIR; };
		28918ABB91E4367D297BDDAE /* Pods-Piverlay-PiverlayUITests.release.xcconfig */ = {isa = PBXFileReference; includeInIndex = 1; lastKnownFileType = text.xcconfig; name = "Pods-Piverlay-PiverlayUITests.release.xcconfig"; path = "Target Support Files/Pods-Piverlay-PiverlayUITests/Pods-Piverlay-PiverlayUITests.release.xcconfig"; sourceTree = "<group>"; };
		2E09F777243D2E7499C1D8BE /* Pods-PiverlayTests.debug.xcconfig */ = {isa = PBXFileReference; includeInIndex = 1; lastKnownFileType = text.xcconfig; name = "Pods-PiverlayTests.debug.xcconfig"; path = "Target Support Files/Pods-PiverlayTests/Pods-PiverlayTests.debug.xcconfig"; sourceTree = "<group>"; };
		4C07D3C65BE1F599A532AC2F /* Pods-PiverlayTests.release.xcconfig */ = {isa = PBXFileReference; includeInIndex = 1; lastKnownFileType = text.xcconfig; name = "Pods-PiverlayTests.release.xcconfig"; path = "Target Support Files/Pods-PiverlayTests/Pods-PiverlayTests.release.xcconfig"; sourceTree = "<group>"; };
		60129E5B94B49AD9B92A7E60 /* Pods_Piverlay_PiverlayUITests.framework */ = {isa = PBXFileReference; explicitFileType = wrapper.framework; includeInIndex = 0; path = Pods_Piverlay_PiverlayUITests.framework; sourceTree = BUILT_PRODUCTS_DIR; };
		73DCB018C7AF4CCC90C97FBC /* Pods-Piverlay-PiverlayUITests.debug.xcconfig */ = {isa = PBXFileReference; includeInIndex = 1; lastKnownFileType = text.xcconfig; name = "Pods-Piverlay-PiverlayUITests.debug.xcconfig"; path = "Target Support Files/Pods-Piverlay-PiverlayUITests/Pods-Piverlay-PiverlayUITests.debug.xcconfig"; sourceTree = "<group>"; };
		890DC8CA320057EF80B602B4 /* Pods_PiverlayTests.framework */ = {isa = PBXFileReference; explicitFileType = wrapper.framework; includeInIndex = 0; path = Pods_PiverlayTests.framework; sourceTree = BUILT_PRODUCTS_DIR; };
		EC072BA08E0490170376348E /* Pods-Piverlay.debug.xcconfig */ = {isa = PBXFileReference; includeInIndex = 1; lastKnownFileType = text.xcconfig; name = "Pods-Piverlay.debug.xcconfig"; path = "Target Support Files/Pods-Piverlay/Pods-Piverlay.debug.xcconfig"; sourceTree = "<group>"; };
		FE33E15E25F3BC79003CBF05 /* Piverlay.app */ = {isa = PBXFileReference; explicitFileType = wrapper.application; includeInIndex = 0; path = Piverlay.app; sourceTree = BUILT_PRODUCTS_DIR; };
		FE33E16125F3BC79003CBF05 /* AppDelegate.swift */ = {isa = PBXFileReference; lastKnownFileType = sourcecode.swift; path = AppDelegate.swift; sourceTree = "<group>"; };
		FE33E16A25F3BC7B003CBF05 /* Assets.xcassets */ = {isa = PBXFileReference; lastKnownFileType = folder.assetcatalog; path = Assets.xcassets; sourceTree = "<group>"; };
		FE33E16D25F3BC7B003CBF05 /* Base */ = {isa = PBXFileReference; lastKnownFileType = file.storyboard; name = Base; path = Base.lproj/LaunchScreen.storyboard; sourceTree = "<group>"; };
		FE33E16F25F3BC7B003CBF05 /* Info.plist */ = {isa = PBXFileReference; lastKnownFileType = text.plist.xml; path = Info.plist; sourceTree = "<group>"; };
		FE33E1DB25F3DC0E003CBF05 /* PhotoAlbumViewController.swift */ = {isa = PBXFileReference; fileEncoding = 4; lastKnownFileType = sourcecode.swift; path = PhotoAlbumViewController.swift; sourceTree = "<group>"; };
		FE33E1DC25F3DC0E003CBF05 /* PhotoAlbumViewController.xib */ = {isa = PBXFileReference; fileEncoding = 4; lastKnownFileType = file.xib; path = PhotoAlbumViewController.xib; sourceTree = "<group>"; };
		FE33E1E225F3DE30003CBF05 /* PhotoAlbumCell.swift */ = {isa = PBXFileReference; fileEncoding = 4; lastKnownFileType = sourcecode.swift; path = PhotoAlbumCell.swift; sourceTree = "<group>"; };
		FE33E1E625F3DFCB003CBF05 /* PhotoGridViewController.swift */ = {isa = PBXFileReference; lastKnownFileType = sourcecode.swift; path = PhotoGridViewController.swift; sourceTree = "<group>"; };
		FE33E1E725F3DFCB003CBF05 /* PhotoGridViewController.xib */ = {isa = PBXFileReference; lastKnownFileType = file.xib; path = PhotoGridViewController.xib; sourceTree = "<group>"; };
		FE33E1EC25F3E036003CBF05 /* PhotoGridCell.swift */ = {isa = PBXFileReference; fileEncoding = 4; lastKnownFileType = sourcecode.swift; path = PhotoGridCell.swift; sourceTree = "<group>"; };
		FE33E1FA25F3EE14003CBF05 /* PhotoOverlayViewController.swift */ = {isa = PBXFileReference; fileEncoding = 4; lastKnownFileType = sourcecode.swift; path = PhotoOverlayViewController.swift; sourceTree = "<group>"; };
		FE33E1FB25F3EE14003CBF05 /* PhotoOverlayViewController.xib */ = {isa = PBXFileReference; fileEncoding = 4; lastKnownFileType = file.xib; path = PhotoOverlayViewController.xib; sourceTree = "<group>"; };
		FE33E1FF25F40088003CBF05 /* SVGCollectionViewCell.swift */ = {isa = PBXFileReference; lastKnownFileType = sourcecode.swift; path = SVGCollectionViewCell.swift; sourceTree = "<group>"; };
		FE33E20025F40088003CBF05 /* SVGCollectionViewCell.xib */ = {isa = PBXFileReference; lastKnownFileType = file.xib; path = SVGCollectionViewCell.xib; sourceTree = "<group>"; };
		FE33E20B25F414F9003CBF05 /* PLUtil.swift */ = {isa = PBXFileReference; lastKnownFileType = sourcecode.swift; path = PLUtil.swift; sourceTree = "<group>"; };
		FE33E21F25F5CD67003CBF05 /* PhotoAlbum.swift */ = {isa = PBXFileReference; lastKnownFileType = sourcecode.swift; path = PhotoAlbum.swift; sourceTree = "<group>"; };
		FE33E22625F5D28A003CBF05 /* PhotoAlbumPresenter.swift */ = {isa = PBXFileReference; lastKnownFileType = sourcecode.swift; path = PhotoAlbumPresenter.swift; sourceTree = "<group>"; };
		FE33E22925F5D2AD003CBF05 /* PhotoAlbumService.swift */ = {isa = PBXFileReference; lastKnownFileType = sourcecode.swift; path = PhotoAlbumService.swift; sourceTree = "<group>"; };
		FE68E06225F6832A004CC11C /* PhotoOverlayPresenter.swift */ = {isa = PBXFileReference; lastKnownFileType = sourcecode.swift; path = PhotoOverlayPresenter.swift; sourceTree = "<group>"; };
		FE68E06525F6836C004CC11C /* PhotoOverlay.swift */ = {isa = PBXFileReference; lastKnownFileType = sourcecode.swift; path = PhotoOverlay.swift; sourceTree = "<group>"; };
		FE68E06825F6837F004CC11C /* PhotoOverlayService.swift */ = {isa = PBXFileReference; lastKnownFileType = sourcecode.swift; path = PhotoOverlayService.swift; sourceTree = "<group>"; };
		FE68E06F25F68C24004CC11C /* PiverlayUITests.xctest */ = {isa = PBXFileReference; explicitFileType = wrapper.cfbundle; includeInIndex = 0; path = PiverlayUITests.xctest; sourceTree = BUILT_PRODUCTS_DIR; };
		FE68E07125F68C24004CC11C /* PiverlayUITests.swift */ = {isa = PBXFileReference; lastKnownFileType = sourcecode.swift; path = PiverlayUITests.swift; sourceTree = "<group>"; };
		FE68E07325F68C24004CC11C /* Info.plist */ = {isa = PBXFileReference; lastKnownFileType = text.plist.xml; path = Info.plist; sourceTree = "<group>"; };
		FE68E07F25F68C44004CC11C /* PiverlayTests.xctest */ = {isa = PBXFileReference; explicitFileType = wrapper.cfbundle; includeInIndex = 0; path = PiverlayTests.xctest; sourceTree = BUILT_PRODUCTS_DIR; };
		FE68E08125F68C44004CC11C /* PiverlayTests.swift */ = {isa = PBXFileReference; lastKnownFileType = sourcecode.swift; path = PiverlayTests.swift; sourceTree = "<group>"; };
		FE68E08325F68C44004CC11C /* Info.plist */ = {isa = PBXFileReference; lastKnownFileType = text.plist.xml; path = Info.plist; sourceTree = "<group>"; };
		FE68E0C425F6F23F004CC11C /* Main.storyboard */ = {isa = PBXFileReference; fileEncoding = 4; lastKnownFileType = file.storyboard; path = Main.storyboard; sourceTree = "<group>"; };
		FE68E0CC25F6F2A5004CC11C /* ViewController.swift */ = {isa = PBXFileReference; fileEncoding = 4; lastKnownFileType = sourcecode.swift; name = ViewController.swift; path = ../../Piverlay/Piverlay/ViewController.swift; sourceTree = "<group>"; };
		FE68E0D425F6F945004CC11C /* ResizeInputView.swift */ = {isa = PBXFileReference; lastKnownFileType = sourcecode.swift; path = ResizeInputView.swift; sourceTree = "<group>"; };
		FE68E0D925F6F972004CC11C /* ResizeInputView.xib */ = {isa = PBXFileReference; lastKnownFileType = file.xib; path = ResizeInputView.xib; sourceTree = "<group>"; };
		FEFDCD9125F65C8C0081E9BA /* PhotoGridPresenter.swift */ = {isa = PBXFileReference; lastKnownFileType = sourcecode.swift; path = PhotoGridPresenter.swift; sourceTree = "<group>"; };
/* End PBXFileReference section */

/* Begin PBXFrameworksBuildPhase section */
		FE33E15B25F3BC78003CBF05 /* Frameworks */ = {
			isa = PBXFrameworksBuildPhase;
			buildActionMask = 2147483647;
			files = (
				B93F0B0989B608E2E88698C1 /* Pods_Piverlay.framework in Frameworks */,
			);
			runOnlyForDeploymentPostprocessing = 0;
		};
		FE68E06C25F68C24004CC11C /* Frameworks */ = {
			isa = PBXFrameworksBuildPhase;
			buildActionMask = 2147483647;
			files = (
				CB8279DA784B6B377DDBCC1D /* Pods_Piverlay_PiverlayUITests.framework in Frameworks */,
			);
			runOnlyForDeploymentPostprocessing = 0;
		};
		FE68E07C25F68C44004CC11C /* Frameworks */ = {
			isa = PBXFrameworksBuildPhase;
			buildActionMask = 2147483647;
			files = (
				B1E58EA1ED20A76CE6E7E075 /* Pods_PiverlayTests.framework in Frameworks */,
			);
			runOnlyForDeploymentPostprocessing = 0;
		};
/* End PBXFrameworksBuildPhase section */

/* Begin PBXGroup section */
		1A349C45F96E054C562927BD /* Frameworks */ = {
			isa = PBXGroup;
			children = (
				1CAB970E0452233B3A2DC9EC /* Pods_Piverlay.framework */,
				60129E5B94B49AD9B92A7E60 /* Pods_Piverlay_PiverlayUITests.framework */,
				890DC8CA320057EF80B602B4 /* Pods_PiverlayTests.framework */,
			);
			name = Frameworks;
			sourceTree = "<group>";
		};
		34F5409A2270970A551AE939 /* Pods */ = {
			isa = PBXGroup;
			children = (
				EC072BA08E0490170376348E /* Pods-Piverlay.debug.xcconfig */,
				0C8F1E55CFCB906ED992E8B1 /* Pods-Piverlay.release.xcconfig */,
				73DCB018C7AF4CCC90C97FBC /* Pods-Piverlay-PiverlayUITests.debug.xcconfig */,
				28918ABB91E4367D297BDDAE /* Pods-Piverlay-PiverlayUITests.release.xcconfig */,
				2E09F777243D2E7499C1D8BE /* Pods-PiverlayTests.debug.xcconfig */,
				4C07D3C65BE1F599A532AC2F /* Pods-PiverlayTests.release.xcconfig */,
			);
			path = Pods;
			sourceTree = "<group>";
		};
		FE33E15525F3BC78003CBF05 = {
			isa = PBXGroup;
			children = (
				FE33E16025F3BC79003CBF05 /* Piverlay */,
				FE68E07025F68C24004CC11C /* PiverlayUITests */,
				FE68E08025F68C44004CC11C /* PiverlayTests */,
				FE33E15F25F3BC79003CBF05 /* Products */,
				34F5409A2270970A551AE939 /* Pods */,
				1A349C45F96E054C562927BD /* Frameworks */,
			);
			sourceTree = "<group>";
		};
		FE33E15F25F3BC79003CBF05 /* Products */ = {
			isa = PBXGroup;
			children = (
				FE33E15E25F3BC79003CBF05 /* Piverlay.app */,
				FE68E06F25F68C24004CC11C /* PiverlayUITests.xctest */,
				FE68E07F25F68C44004CC11C /* PiverlayTests.xctest */,
			);
			name = Products;
			sourceTree = "<group>";
		};
		FE33E16025F3BC79003CBF05 /* Piverlay */ = {
			isa = PBXGroup;
			children = (
				FE33E20625F41406003CBF05 /* Util */,
				FE33E1F925F3EE14003CBF05 /* PhotoOverlay */,
				FE33E1E525F3DFB2003CBF05 /* PhotoGrid */,
				FE33E1DA25F3DC0E003CBF05 /* PhotoPicker */,
				FE33E16125F3BC79003CBF05 /* AppDelegate.swift */,
				FE33E16A25F3BC7B003CBF05 /* Assets.xcassets */,
				FE68E0C425F6F23F004CC11C /* Main.storyboard */,
				FE68E0CC25F6F2A5004CC11C /* ViewController.swift */,
				FE33E16C25F3BC7B003CBF05 /* LaunchScreen.storyboard */,
				FE33E16F25F3BC7B003CBF05 /* Info.plist */,
			);
			path = Piverlay;
			sourceTree = "<group>";
		};
		FE33E1DA25F3DC0E003CBF05 /* PhotoPicker */ = {
			isa = PBXGroup;
			children = (
				FE33E21E25F5CD42003CBF05 /* DataSource */,
				FE33E21B25F5CD42003CBF05 /* Model */,
				FE33E21C25F5CD42003CBF05 /* Presenter */,
				FE33E21D25F5CD42003CBF05 /* View */,
			);
			path = PhotoPicker;
			sourceTree = "<group>";
		};
		FE33E1E525F3DFB2003CBF05 /* PhotoGrid */ = {
			isa = PBXGroup;
			children = (
				FE92B75025F6586000A1C2DF /* Presenter */,
				FE92B75125F6586000A1C2DF /* View */,
			);
			path = PhotoGrid;
			sourceTree = "<group>";
		};
		FE33E1F925F3EE14003CBF05 /* PhotoOverlay */ = {
			isa = PBXGroup;
			children = (
				FE68E06125F68310004CC11C /* DataSource */,
				FE68E05F25F68310004CC11C /* Model */,
				FE68E06025F68310004CC11C /* Presenter */,
				FE68E05E25F68310004CC11C /* View */,
			);
			path = PhotoOverlay;
			sourceTree = "<group>";
		};
		FE33E20625F41406003CBF05 /* Util */ = {
			isa = PBXGroup;
			children = (
				FE33E20B25F414F9003CBF05 /* PLUtil.swift */,
			);
			path = Util;
			sourceTree = "<group>";
		};
		FE33E21B25F5CD42003CBF05 /* Model */ = {
			isa = PBXGroup;
			children = (
				FE33E21F25F5CD67003CBF05 /* PhotoAlbum.swift */,
			);
			path = Model;
			sourceTree = "<group>";
		};
		FE33E21C25F5CD42003CBF05 /* Presenter */ = {
			isa = PBXGroup;
			children = (
				FE33E22625F5D28A003CBF05 /* PhotoAlbumPresenter.swift */,
			);
			path = Presenter;
			sourceTree = "<group>";
		};
		FE33E21D25F5CD42003CBF05 /* View */ = {
			isa = PBXGroup;
			children = (
				FE33E1E225F3DE30003CBF05 /* PhotoAlbumCell.swift */,
				FE33E1DB25F3DC0E003CBF05 /* PhotoAlbumViewController.swift */,
				FE33E1DC25F3DC0E003CBF05 /* PhotoAlbumViewController.xib */,
			);
			path = View;
			sourceTree = "<group>";
		};
		FE33E21E25F5CD42003CBF05 /* DataSource */ = {
			isa = PBXGroup;
			children = (
				FE33E22925F5D2AD003CBF05 /* PhotoAlbumService.swift */,
			);
			path = DataSource;
			sourceTree = "<group>";
		};
		FE68E05E25F68310004CC11C /* View */ = {
			isa = PBXGroup;
			children = (
				FE33E1FA25F3EE14003CBF05 /* PhotoOverlayViewController.swift */,
				FE33E1FB25F3EE14003CBF05 /* PhotoOverlayViewController.xib */,
				FE33E1FF25F40088003CBF05 /* SVGCollectionViewCell.swift */,
				FE33E20025F40088003CBF05 /* SVGCollectionViewCell.xib */,
				FE68E0D425F6F945004CC11C /* ResizeInputView.swift */,
				FE68E0D925F6F972004CC11C /* ResizeInputView.xib */,
			);
			path = View;
			sourceTree = "<group>";
		};
		FE68E05F25F68310004CC11C /* Model */ = {
			isa = PBXGroup;
			children = (
				FE68E06525F6836C004CC11C /* PhotoOverlay.swift */,
			);
			path = Model;
			sourceTree = "<group>";
		};
		FE68E06025F68310004CC11C /* Presenter */ = {
			isa = PBXGroup;
			children = (
				FE68E06225F6832A004CC11C /* PhotoOverlayPresenter.swift */,
			);
			path = Presenter;
			sourceTree = "<group>";
		};
		FE68E06125F68310004CC11C /* DataSource */ = {
			isa = PBXGroup;
			children = (
				FE68E06825F6837F004CC11C /* PhotoOverlayService.swift */,
			);
			path = DataSource;
			sourceTree = "<group>";
		};
		FE68E07025F68C24004CC11C /* PiverlayUITests */ = {
			isa = PBXGroup;
			children = (
				FE68E07125F68C24004CC11C /* PiverlayUITests.swift */,
				FE68E07325F68C24004CC11C /* Info.plist */,
			);
			path = PiverlayUITests;
			sourceTree = "<group>";
		};
		FE68E08025F68C44004CC11C /* PiverlayTests */ = {
			isa = PBXGroup;
			children = (
				FE68E08125F68C44004CC11C /* PiverlayTests.swift */,
				FE68E08325F68C44004CC11C /* Info.plist */,
			);
			path = PiverlayTests;
			sourceTree = "<group>";
		};
		FE92B75025F6586000A1C2DF /* Presenter */ = {
			isa = PBXGroup;
			children = (
				FEFDCD9125F65C8C0081E9BA /* PhotoGridPresenter.swift */,
			);
			path = Presenter;
			sourceTree = "<group>";
		};
		FE92B75125F6586000A1C2DF /* View */ = {
			isa = PBXGroup;
			children = (
				FE33E1E625F3DFCB003CBF05 /* PhotoGridViewController.swift */,
				FE33E1E725F3DFCB003CBF05 /* PhotoGridViewController.xib */,
				FE33E1EC25F3E036003CBF05 /* PhotoGridCell.swift */,
			);
			path = View;
			sourceTree = "<group>";
		};
/* End PBXGroup section */

/* Begin PBXNativeTarget section */
		FE33E15D25F3BC78003CBF05 /* Piverlay */ = {
			isa = PBXNativeTarget;
			buildConfigurationList = FE33E17225F3BC7B003CBF05 /* Build configuration list for PBXNativeTarget "Piverlay" */;
			buildPhases = (
				EC30DC5DB6F48BE8F8E15A1A /* [CP] Check Pods Manifest.lock */,
				FE33E15A25F3BC78003CBF05 /* Sources */,
				FE33E15B25F3BC78003CBF05 /* Frameworks */,
				FE33E15C25F3BC78003CBF05 /* Resources */,
				02398186EB4D958131AF67B6 /* [CP] Embed Pods Frameworks */,
			);
			buildRules = (
			);
			dependencies = (
			);
			name = Piverlay;
			productName = Piverlay;
			productReference = FE33E15E25F3BC79003CBF05 /* Piverlay.app */;
			productType = "com.apple.product-type.application";
		};
		FE68E06E25F68C24004CC11C /* PiverlayUITests */ = {
			isa = PBXNativeTarget;
			buildConfigurationList = FE68E07625F68C24004CC11C /* Build configuration list for PBXNativeTarget "PiverlayUITests" */;
			buildPhases = (
				C984E2D3CB2A1DB84E28917F /* [CP] Check Pods Manifest.lock */,
				FE68E06B25F68C24004CC11C /* Sources */,
				FE68E06C25F68C24004CC11C /* Frameworks */,
				FE68E06D25F68C24004CC11C /* Resources */,
				5786EA09270AC0EF242F76E0 /* [CP] Embed Pods Frameworks */,
			);
			buildRules = (
			);
			dependencies = (
				FE68E07525F68C24004CC11C /* PBXTargetDependency */,
			);
			name = PiverlayUITests;
			productName = PiverlayUITests;
			productReference = FE68E06F25F68C24004CC11C /* PiverlayUITests.xctest */;
			productType = "com.apple.product-type.bundle.ui-testing";
		};
		FE68E07E25F68C44004CC11C /* PiverlayTests */ = {
			isa = PBXNativeTarget;
			buildConfigurationList = FE68E08625F68C44004CC11C /* Build configuration list for PBXNativeTarget "PiverlayTests" */;
			buildPhases = (
				833B4E5C172361275119F3EC /* [CP] Check Pods Manifest.lock */,
				FE68E07B25F68C44004CC11C /* Sources */,
				FE68E07C25F68C44004CC11C /* Frameworks */,
				FE68E07D25F68C44004CC11C /* Resources */,
			);
			buildRules = (
			);
			dependencies = (
				FE68E08525F68C44004CC11C /* PBXTargetDependency */,
			);
			name = PiverlayTests;
			productName = PiverlayTests;
			productReference = FE68E07F25F68C44004CC11C /* PiverlayTests.xctest */;
			productType = "com.apple.product-type.bundle.unit-test";
		};
/* End PBXNativeTarget section */

/* Begin PBXProject section */
		FE33E15625F3BC78003CBF05 /* Project object */ = {
			isa = PBXProject;
			attributes = {
				LastSwiftUpdateCheck = 1240;
				LastUpgradeCheck = 1240;
				TargetAttributes = {
					FE33E15D25F3BC78003CBF05 = {
						CreatedOnToolsVersion = 12.4;
					};
					FE68E06E25F68C24004CC11C = {
						CreatedOnToolsVersion = 12.4;
						TestTargetID = FE33E15D25F3BC78003CBF05;
					};
					FE68E07E25F68C44004CC11C = {
						CreatedOnToolsVersion = 12.4;
						TestTargetID = FE33E15D25F3BC78003CBF05;
					};
				};
			};
			buildConfigurationList = FE33E15925F3BC78003CBF05 /* Build configuration list for PBXProject "Piverlay" */;
			compatibilityVersion = "Xcode 9.3";
			developmentRegion = en;
			hasScannedForEncodings = 0;
			knownRegions = (
				en,
				Base,
			);
			mainGroup = FE33E15525F3BC78003CBF05;
			productRefGroup = FE33E15F25F3BC79003CBF05 /* Products */;
			projectDirPath = "";
			projectRoot = "";
			targets = (
				FE33E15D25F3BC78003CBF05 /* Piverlay */,
				FE68E06E25F68C24004CC11C /* PiverlayUITests */,
				FE68E07E25F68C44004CC11C /* PiverlayTests */,
			);
		};
/* End PBXProject section */

/* Begin PBXResourcesBuildPhase section */
		FE33E15C25F3BC78003CBF05 /* Resources */ = {
			isa = PBXResourcesBuildPhase;
			buildActionMask = 2147483647;
			files = (
				FE68E0C525F6F23F004CC11C /* Main.storyboard in Resources */,
				FE68E0DA25F6F972004CC11C /* ResizeInputView.xib in Resources */,
				FE33E1FD25F3EE14003CBF05 /* PhotoOverlayViewController.xib in Resources */,
				FE33E16E25F3BC7B003CBF05 /* LaunchScreen.storyboard in Resources */,
				FE33E20225F40088003CBF05 /* SVGCollectionViewCell.xib in Resources */,
				FE33E1DE25F3DC0E003CBF05 /* PhotoAlbumViewController.xib in Resources */,
				FE33E16B25F3BC7B003CBF05 /* Assets.xcassets in Resources */,
				FE33E1E925F3DFCB003CBF05 /* PhotoGridViewController.xib in Resources */,
			);
			runOnlyForDeploymentPostprocessing = 0;
		};
		FE68E06D25F68C24004CC11C /* Resources */ = {
			isa = PBXResourcesBuildPhase;
			buildActionMask = 2147483647;
			files = (
			);
			runOnlyForDeploymentPostprocessing = 0;
		};
		FE68E07D25F68C44004CC11C /* Resources */ = {
			isa = PBXResourcesBuildPhase;
			buildActionMask = 2147483647;
			files = (
			);
			runOnlyForDeploymentPostprocessing = 0;
		};
/* End PBXResourcesBuildPhase section */

/* Begin PBXShellScriptBuildPhase section */
		02398186EB4D958131AF67B6 /* [CP] Embed Pods Frameworks */ = {
			isa = PBXShellScriptBuildPhase;
			buildActionMask = 2147483647;
			files = (
			);
			inputFileListPaths = (
				"${PODS_ROOT}/Target Support Files/Pods-Piverlay/Pods-Piverlay-frameworks-${CONFIGURATION}-input-files.xcfilelist",
			);
			name = "[CP] Embed Pods Frameworks";
			outputFileListPaths = (
				"${PODS_ROOT}/Target Support Files/Pods-Piverlay/Pods-Piverlay-frameworks-${CONFIGURATION}-output-files.xcfilelist",
			);
			runOnlyForDeploymentPostprocessing = 0;
			shellPath = /bin/sh;
			shellScript = "\"${PODS_ROOT}/Target Support Files/Pods-Piverlay/Pods-Piverlay-frameworks.sh\"\n";
			showEnvVarsInLog = 0;
		};
		5786EA09270AC0EF242F76E0 /* [CP] Embed Pods Frameworks */ = {
			isa = PBXShellScriptBuildPhase;
			buildActionMask = 2147483647;
			files = (
			);
			inputFileListPaths = (
				"${PODS_ROOT}/Target Support Files/Pods-Piverlay-PiverlayUITests/Pods-Piverlay-PiverlayUITests-frameworks-${CONFIGURATION}-input-files.xcfilelist",
			);
			name = "[CP] Embed Pods Frameworks";
			outputFileListPaths = (
				"${PODS_ROOT}/Target Support Files/Pods-Piverlay-PiverlayUITests/Pods-Piverlay-PiverlayUITests-frameworks-${CONFIGURATION}-output-files.xcfilelist",
			);
			runOnlyForDeploymentPostprocessing = 0;
			shellPath = /bin/sh;
			shellScript = "\"${PODS_ROOT}/Target Support Files/Pods-Piverlay-PiverlayUITests/Pods-Piverlay-PiverlayUITests-frameworks.sh\"\n";
			showEnvVarsInLog = 0;
		};
		833B4E5C172361275119F3EC /* [CP] Check Pods Manifest.lock */ = {
			isa = PBXShellScriptBuildPhase;
			buildActionMask = 2147483647;
			files = (
			);
			inputFileListPaths = (
			);
			inputPaths = (
				"${PODS_PODFILE_DIR_PATH}/Podfile.lock",
				"${PODS_ROOT}/Manifest.lock",
			);
			name = "[CP] Check Pods Manifest.lock";
			outputFileListPaths = (
			);
			outputPaths = (
				"$(DERIVED_FILE_DIR)/Pods-PiverlayTests-checkManifestLockResult.txt",
			);
			runOnlyForDeploymentPostprocessing = 0;
			shellPath = /bin/sh;
			shellScript = "diff \"${PODS_PODFILE_DIR_PATH}/Podfile.lock\" \"${PODS_ROOT}/Manifest.lock\" > /dev/null\nif [ $? != 0 ] ; then\n    # print error to STDERR\n    echo \"error: The sandbox is not in sync with the Podfile.lock. Run 'pod install' or update your CocoaPods installation.\" >&2\n    exit 1\nfi\n# This output is used by Xcode 'outputs' to avoid re-running this script phase.\necho \"SUCCESS\" > \"${SCRIPT_OUTPUT_FILE_0}\"\n";
			showEnvVarsInLog = 0;
		};
		C984E2D3CB2A1DB84E28917F /* [CP] Check Pods Manifest.lock */ = {
			isa = PBXShellScriptBuildPhase;
			buildActionMask = 2147483647;
			files = (
			);
			inputFileListPaths = (
			);
			inputPaths = (
				"${PODS_PODFILE_DIR_PATH}/Podfile.lock",
				"${PODS_ROOT}/Manifest.lock",
			);
			name = "[CP] Check Pods Manifest.lock";
			outputFileListPaths = (
			);
			outputPaths = (
				"$(DERIVED_FILE_DIR)/Pods-Piverlay-PiverlayUITests-checkManifestLockResult.txt",
			);
			runOnlyForDeploymentPostprocessing = 0;
			shellPath = /bin/sh;
			shellScript = "diff \"${PODS_PODFILE_DIR_PATH}/Podfile.lock\" \"${PODS_ROOT}/Manifest.lock\" > /dev/null\nif [ $? != 0 ] ; then\n    # print error to STDERR\n    echo \"error: The sandbox is not in sync with the Podfile.lock. Run 'pod install' or update your CocoaPods installation.\" >&2\n    exit 1\nfi\n# This output is used by Xcode 'outputs' to avoid re-running this script phase.\necho \"SUCCESS\" > \"${SCRIPT_OUTPUT_FILE_0}\"\n";
			showEnvVarsInLog = 0;
		};
		EC30DC5DB6F48BE8F8E15A1A /* [CP] Check Pods Manifest.lock */ = {
			isa = PBXShellScriptBuildPhase;
			buildActionMask = 2147483647;
			files = (
			);
			inputFileListPaths = (
			);
			inputPaths = (
				"${PODS_PODFILE_DIR_PATH}/Podfile.lock",
				"${PODS_ROOT}/Manifest.lock",
			);
			name = "[CP] Check Pods Manifest.lock";
			outputFileListPaths = (
			);
			outputPaths = (
				"$(DERIVED_FILE_DIR)/Pods-Piverlay-checkManifestLockResult.txt",
			);
			runOnlyForDeploymentPostprocessing = 0;
			shellPath = /bin/sh;
			shellScript = "diff \"${PODS_PODFILE_DIR_PATH}/Podfile.lock\" \"${PODS_ROOT}/Manifest.lock\" > /dev/null\nif [ $? != 0 ] ; then\n    # print error to STDERR\n    echo \"error: The sandbox is not in sync with the Podfile.lock. Run 'pod install' or update your CocoaPods installation.\" >&2\n    exit 1\nfi\n# This output is used by Xcode 'outputs' to avoid re-running this script phase.\necho \"SUCCESS\" > \"${SCRIPT_OUTPUT_FILE_0}\"\n";
			showEnvVarsInLog = 0;
		};
/* End PBXShellScriptBuildPhase section */

/* Begin PBXSourcesBuildPhase section */
		FE33E15A25F3BC78003CBF05 /* Sources */ = {
			isa = PBXSourcesBuildPhase;
			buildActionMask = 2147483647;
			files = (
				FE33E22025F5CD67003CBF05 /* PhotoAlbum.swift in Sources */,
				FE68E06925F6837F004CC11C /* PhotoOverlayService.swift in Sources */,
				FE33E1E825F3DFCB003CBF05 /* PhotoGridViewController.swift in Sources */,
				FE33E22A25F5D2AD003CBF05 /* PhotoAlbumService.swift in Sources */,
				FE68E06625F6836C004CC11C /* PhotoOverlay.swift in Sources */,
				FE33E1DD25F3DC0E003CBF05 /* PhotoAlbumViewController.swift in Sources */,
				FE33E1FC25F3EE14003CBF05 /* PhotoOverlayViewController.swift in Sources */,
				FE33E16225F3BC79003CBF05 /* AppDelegate.swift in Sources */,
				FE68E0D525F6F945004CC11C /* ResizeInputView.swift in Sources */,
				FE33E1ED25F3E036003CBF05 /* PhotoGridCell.swift in Sources */,
				FEFDCD9225F65C8C0081E9BA /* PhotoGridPresenter.swift in Sources */,
				FE33E20125F40088003CBF05 /* SVGCollectionViewCell.swift in Sources */,
				FE68E06325F6832A004CC11C /* PhotoOverlayPresenter.swift in Sources */,
				FE33E1E325F3DE30003CBF05 /* PhotoAlbumCell.swift in Sources */,
				FE33E20C25F414F9003CBF05 /* PLUtil.swift in Sources */,
				FE68E0CD25F6F2A5004CC11C /* ViewController.swift in Sources */,
				FE33E22725F5D28A003CBF05 /* PhotoAlbumPresenter.swift in Sources */,
			);
			runOnlyForDeploymentPostprocessing = 0;
		};
		FE68E06B25F68C24004CC11C /* Sources */ = {
			isa = PBXSourcesBuildPhase;
			buildActionMask = 2147483647;
			files = (
				FE68E07225F68C24004CC11C /* PiverlayUITests.swift in Sources */,
			);
			runOnlyForDeploymentPostprocessing = 0;
		};
		FE68E07B25F68C44004CC11C /* Sources */ = {
			isa = PBXSourcesBuildPhase;
			buildActionMask = 2147483647;
			files = (
				FE68E08225F68C44004CC11C /* PiverlayTests.swift in Sources */,
			);
			runOnlyForDeploymentPostprocessing = 0;
		};
/* End PBXSourcesBuildPhase section */

/* Begin PBXTargetDependency section */
		FE68E07525F68C24004CC11C /* PBXTargetDependency */ = {
			isa = PBXTargetDependency;
			target = FE33E15D25F3BC78003CBF05 /* Piverlay */;
			targetProxy = FE68E07425F68C24004CC11C /* PBXContainerItemProxy */;
		};
		FE68E08525F68C44004CC11C /* PBXTargetDependency */ = {
			isa = PBXTargetDependency;
			target = FE33E15D25F3BC78003CBF05 /* Piverlay */;
			targetProxy = FE68E08425F68C44004CC11C /* PBXContainerItemProxy */;
		};
/* End PBXTargetDependency section */

/* Begin PBXVariantGroup section */
		FE33E16C25F3BC7B003CBF05 /* LaunchScreen.storyboard */ = {
			isa = PBXVariantGroup;
			children = (
				FE33E16D25F3BC7B003CBF05 /* Base */,
			);
			name = LaunchScreen.storyboard;
			sourceTree = "<group>";
		};
/* End PBXVariantGroup section */

/* Begin XCBuildConfiguration section */
		FE33E17025F3BC7B003CBF05 /* Debug */ = {
			isa = XCBuildConfiguration;
			buildSettings = {
				ALWAYS_SEARCH_USER_PATHS = NO;
				CLANG_ANALYZER_NONNULL = YES;
				CLANG_ANALYZER_NUMBER_OBJECT_CONVERSION = YES_AGGRESSIVE;
				CLANG_CXX_LANGUAGE_STANDARD = "gnu++14";
				CLANG_CXX_LIBRARY = "libc++";
				CLANG_ENABLE_MODULES = YES;
				CLANG_ENABLE_OBJC_ARC = YES;
				CLANG_ENABLE_OBJC_WEAK = YES;
				CLANG_WARN_BLOCK_CAPTURE_AUTORELEASING = YES;
				CLANG_WARN_BOOL_CONVERSION = YES;
				CLANG_WARN_COMMA = YES;
				CLANG_WARN_CONSTANT_CONVERSION = YES;
				CLANG_WARN_DEPRECATED_OBJC_IMPLEMENTATIONS = YES;
				CLANG_WARN_DIRECT_OBJC_ISA_USAGE = YES_ERROR;
				CLANG_WARN_DOCUMENTATION_COMMENTS = YES;
				CLANG_WARN_EMPTY_BODY = YES;
				CLANG_WARN_ENUM_CONVERSION = YES;
				CLANG_WARN_INFINITE_RECURSION = YES;
				CLANG_WARN_INT_CONVERSION = YES;
				CLANG_WARN_NON_LITERAL_NULL_CONVERSION = YES;
				CLANG_WARN_OBJC_IMPLICIT_RETAIN_SELF = YES;
				CLANG_WARN_OBJC_LITERAL_CONVERSION = YES;
				CLANG_WARN_OBJC_ROOT_CLASS = YES_ERROR;
				CLANG_WARN_QUOTED_INCLUDE_IN_FRAMEWORK_HEADER = NO;
				CLANG_WARN_RANGE_LOOP_ANALYSIS = YES;
				CLANG_WARN_STRICT_PROTOTYPES = YES;
				CLANG_WARN_SUSPICIOUS_MOVE = YES;
				CLANG_WARN_UNGUARDED_AVAILABILITY = YES_AGGRESSIVE;
				CLANG_WARN_UNREACHABLE_CODE = YES;
				CLANG_WARN__DUPLICATE_METHOD_MATCH = YES;
				COPY_PHASE_STRIP = NO;
				DEBUG_INFORMATION_FORMAT = dwarf;
				ENABLE_STRICT_OBJC_MSGSEND = YES;
				ENABLE_TESTABILITY = YES;
				GCC_C_LANGUAGE_STANDARD = gnu11;
				GCC_DYNAMIC_NO_PIC = NO;
				GCC_NO_COMMON_BLOCKS = YES;
				GCC_OPTIMIZATION_LEVEL = 0;
				GCC_PREPROCESSOR_DEFINITIONS = (
					"DEBUG=1",
					"$(inherited)",
				);
				GCC_WARN_64_TO_32_BIT_CONVERSION = YES;
				GCC_WARN_ABOUT_RETURN_TYPE = YES_ERROR;
				GCC_WARN_UNDECLARED_SELECTOR = YES;
				GCC_WARN_UNINITIALIZED_AUTOS = YES_AGGRESSIVE;
				GCC_WARN_UNUSED_FUNCTION = YES;
				GCC_WARN_UNUSED_VARIABLE = YES;
				IPHONEOS_DEPLOYMENT_TARGET = 12.1;
				MTL_ENABLE_DEBUG_INFO = INCLUDE_SOURCE;
				MTL_FAST_MATH = YES;
				ONLY_ACTIVE_ARCH = YES;
				SDKROOT = iphoneos;
				SWIFT_ACTIVE_COMPILATION_CONDITIONS = DEBUG;
				SWIFT_OPTIMIZATION_LEVEL = "-Onone";
			};
			name = Debug;
		};
		FE33E17125F3BC7B003CBF05 /* Release */ = {
			isa = XCBuildConfiguration;
			buildSettings = {
				ALWAYS_SEARCH_USER_PATHS = NO;
				CLANG_ANALYZER_NONNULL = YES;
				CLANG_ANALYZER_NUMBER_OBJECT_CONVERSION = YES_AGGRESSIVE;
				CLANG_CXX_LANGUAGE_STANDARD = "gnu++14";
				CLANG_CXX_LIBRARY = "libc++";
				CLANG_ENABLE_MODULES = YES;
				CLANG_ENABLE_OBJC_ARC = YES;
				CLANG_ENABLE_OBJC_WEAK = YES;
				CLANG_WARN_BLOCK_CAPTURE_AUTORELEASING = YES;
				CLANG_WARN_BOOL_CONVERSION = YES;
				CLANG_WARN_COMMA = YES;
				CLANG_WARN_CONSTANT_CONVERSION = YES;
				CLANG_WARN_DEPRECATED_OBJC_IMPLEMENTATIONS = YES;
				CLANG_WARN_DIRECT_OBJC_ISA_USAGE = YES_ERROR;
				CLANG_WARN_DOCUMENTATION_COMMENTS = YES;
				CLANG_WARN_EMPTY_BODY = YES;
				CLANG_WARN_ENUM_CONVERSION = YES;
				CLANG_WARN_INFINITE_RECURSION = YES;
				CLANG_WARN_INT_CONVERSION = YES;
				CLANG_WARN_NON_LITERAL_NULL_CONVERSION = YES;
				CLANG_WARN_OBJC_IMPLICIT_RETAIN_SELF = YES;
				CLANG_WARN_OBJC_LITERAL_CONVERSION = YES;
				CLANG_WARN_OBJC_ROOT_CLASS = YES_ERROR;
				CLANG_WARN_QUOTED_INCLUDE_IN_FRAMEWORK_HEADER = NO;
				CLANG_WARN_RANGE_LOOP_ANALYSIS = YES;
				CLANG_WARN_STRICT_PROTOTYPES = YES;
				CLANG_WARN_SUSPICIOUS_MOVE = YES;
				CLANG_WARN_UNGUARDED_AVAILABILITY = YES_AGGRESSIVE;
				CLANG_WARN_UNREACHABLE_CODE = YES;
				CLANG_WARN__DUPLICATE_METHOD_MATCH = YES;
				COPY_PHASE_STRIP = NO;
				DEBUG_INFORMATION_FORMAT = "dwarf-with-dsym";
				ENABLE_NS_ASSERTIONS = NO;
				ENABLE_STRICT_OBJC_MSGSEND = YES;
				GCC_C_LANGUAGE_STANDARD = gnu11;
				GCC_NO_COMMON_BLOCKS = YES;
				GCC_WARN_64_TO_32_BIT_CONVERSION = YES;
				GCC_WARN_ABOUT_RETURN_TYPE = YES_ERROR;
				GCC_WARN_UNDECLARED_SELECTOR = YES;
				GCC_WARN_UNINITIALIZED_AUTOS = YES_AGGRESSIVE;
				GCC_WARN_UNUSED_FUNCTION = YES;
				GCC_WARN_UNUSED_VARIABLE = YES;
				IPHONEOS_DEPLOYMENT_TARGET = 12.1;
				MTL_ENABLE_DEBUG_INFO = NO;
				MTL_FAST_MATH = YES;
				SDKROOT = iphoneos;
				SWIFT_COMPILATION_MODE = wholemodule;
				SWIFT_OPTIMIZATION_LEVEL = "-O";
				VALIDATE_PRODUCT = YES;
			};
			name = Release;
		};
		FE33E17325F3BC7B003CBF05 /* Debug */ = {
			isa = XCBuildConfiguration;
			baseConfigurationReference = EC072BA08E0490170376348E /* Pods-Piverlay.debug.xcconfig */;
			buildSettings = {
				ASSETCATALOG_COMPILER_APPICON_NAME = AppIcon;
				ASSETCATALOG_COMPILER_GLOBAL_ACCENT_COLOR_NAME = AccentColor;
				CODE_SIGN_STYLE = Automatic;
				DEVELOPMENT_TEAM = P8KRZA7924;
				INFOPLIST_FILE = Piverlay/Info.plist;
				LD_RUNPATH_SEARCH_PATHS = (
					"$(inherited)",
					"@executable_path/Frameworks",
				);
				PRODUCT_BUNDLE_IDENTIFIER = com.pixo.Piverlay;
				PRODUCT_NAME = "$(TARGET_NAME)";
				SWIFT_VERSION = 5.0;
				TARGETED_DEVICE_FAMILY = "1,2";
			};
			name = Debug;
		};
		FE33E17425F3BC7B003CBF05 /* Release */ = {
			isa = XCBuildConfiguration;
			baseConfigurationReference = 0C8F1E55CFCB906ED992E8B1 /* Pods-Piverlay.release.xcconfig */;
			buildSettings = {
				ASSETCATALOG_COMPILER_APPICON_NAME = AppIcon;
				ASSETCATALOG_COMPILER_GLOBAL_ACCENT_COLOR_NAME = AccentColor;
				CODE_SIGN_STYLE = Automatic;
				DEVELOPMENT_TEAM = P8KRZA7924;
				INFOPLIST_FILE = Piverlay/Info.plist;
				LD_RUNPATH_SEARCH_PATHS = (
					"$(inherited)",
					"@executable_path/Frameworks",
				);
				PRODUCT_BUNDLE_IDENTIFIER = com.pixo.Piverlay;
				PRODUCT_NAME = "$(TARGET_NAME)";
				SWIFT_VERSION = 5.0;
				TARGETED_DEVICE_FAMILY = "1,2";
			};
			name = Release;
		};
		FE68E07725F68C24004CC11C /* Debug */ = {
			isa = XCBuildConfiguration;
			baseConfigurationReference = 73DCB018C7AF4CCC90C97FBC /* Pods-Piverlay-PiverlayUITests.debug.xcconfig */;
			buildSettings = {
				CODE_SIGN_STYLE = Automatic;
				DEVELOPMENT_TEAM = P8KRZA7924;
				INFOPLIST_FILE = PiverlayUITests/Info.plist;
				IPHONEOS_DEPLOYMENT_TARGET = 14.4;
				LD_RUNPATH_SEARCH_PATHS = (
					"$(inherited)",
					"@executable_path/Frameworks",
					"@loader_path/Frameworks",
				);
				PRODUCT_BUNDLE_IDENTIFIER = com.pixo.PiverlayUITests;
				PRODUCT_NAME = "$(TARGET_NAME)";
				SWIFT_VERSION = 5.0;
				TARGETED_DEVICE_FAMILY = "1,2";
				TEST_TARGET_NAME = Piverlay;
			};
			name = Debug;
		};
		FE68E07825F68C24004CC11C /* Release */ = {
			isa = XCBuildConfiguration;
			baseConfigurationReference = 28918ABB91E4367D297BDDAE /* Pods-Piverlay-PiverlayUITests.release.xcconfig */;
			buildSettings = {
				CODE_SIGN_STYLE = Automatic;
				DEVELOPMENT_TEAM = P8KRZA7924;
				INFOPLIST_FILE = PiverlayUITests/Info.plist;
				IPHONEOS_DEPLOYMENT_TARGET = 14.4;
				LD_RUNPATH_SEARCH_PATHS = (
					"$(inherited)",
					"@executable_path/Frameworks",
					"@loader_path/Frameworks",
				);
				PRODUCT_BUNDLE_IDENTIFIER = com.pixo.PiverlayUITests;
				PRODUCT_NAME = "$(TARGET_NAME)";
				SWIFT_VERSION = 5.0;
				TARGETED_DEVICE_FAMILY = "1,2";
				TEST_TARGET_NAME = Piverlay;
			};
			name = Release;
		};
		FE68E08725F68C44004CC11C /* Debug */ = {
			isa = XCBuildConfiguration;
			baseConfigurationReference = 2E09F777243D2E7499C1D8BE /* Pods-PiverlayTests.debug.xcconfig */;
			buildSettings = {
				BUNDLE_LOADER = "$(TEST_HOST)";
				CODE_SIGN_STYLE = Automatic;
				DEVELOPMENT_TEAM = P8KRZA7924;
				INFOPLIST_FILE = PiverlayTests/Info.plist;
				IPHONEOS_DEPLOYMENT_TARGET = 14.4;
				LD_RUNPATH_SEARCH_PATHS = (
					"$(inherited)",
					"@executable_path/Frameworks",
					"@loader_path/Frameworks",
				);
				PRODUCT_BUNDLE_IDENTIFIER = com.pixo.PiverlayTests;
				PRODUCT_NAME = "$(TARGET_NAME)";
				SWIFT_VERSION = 5.0;
				TARGETED_DEVICE_FAMILY = "1,2";
				TEST_HOST = "$(BUILT_PRODUCTS_DIR)/Piverlay.app/Piverlay";
			};
			name = Debug;
		};
		FE68E08825F68C44004CC11C /* Release */ = {
			isa = XCBuildConfiguration;
			baseConfigurationReference = 4C07D3C65BE1F599A532AC2F /* Pods-PiverlayTests.release.xcconfig */;
			buildSettings = {
				BUNDLE_LOADER = "$(TEST_HOST)";
				CODE_SIGN_STYLE = Automatic;
				DEVELOPMENT_TEAM = P8KRZA7924;
				INFOPLIST_FILE = PiverlayTests/Info.plist;
				IPHONEOS_DEPLOYMENT_TARGET = 14.4;
				LD_RUNPATH_SEARCH_PATHS = (
					"$(inherited)",
					"@executable_path/Frameworks",
					"@loader_path/Frameworks",
				);
				PRODUCT_BUNDLE_IDENTIFIER = com.pixo.PiverlayTests;
				PRODUCT_NAME = "$(TARGET_NAME)";
				SWIFT_VERSION = 5.0;
				TARGETED_DEVICE_FAMILY = "1,2";
				TEST_HOST = "$(BUILT_PRODUCTS_DIR)/Piverlay.app/Piverlay";
			};
			name = Release;
		};
/* End XCBuildConfiguration section */

/* Begin XCConfigurationList section */
		FE33E15925F3BC78003CBF05 /* Build configuration list for PBXProject "Piverlay" */ = {
			isa = XCConfigurationList;
			buildConfigurations = (
				FE33E17025F3BC7B003CBF05 /* Debug */,
				FE33E17125F3BC7B003CBF05 /* Release */,
			);
			defaultConfigurationIsVisible = 0;
			defaultConfigurationName = Release;
		};
		FE33E17225F3BC7B003CBF05 /* Build configuration list for PBXNativeTarget "Piverlay" */ = {
			isa = XCConfigurationList;
			buildConfigurations = (
				FE33E17325F3BC7B003CBF05 /* Debug */,
				FE33E17425F3BC7B003CBF05 /* Release */,
			);
			defaultConfigurationIsVisible = 0;
			defaultConfigurationName = Release;
		};
		FE68E07625F68C24004CC11C /* Build configuration list for PBXNativeTarget "PiverlayUITests" */ = {
			isa = XCConfigurationList;
			buildConfigurations = (
				FE68E07725F68C24004CC11C /* Debug */,
				FE68E07825F68C24004CC11C /* Release */,
			);
			defaultConfigurationIsVisible = 0;
			defaultConfigurationName = Release;
		};
		FE68E08625F68C44004CC11C /* Build configuration list for PBXNativeTarget "PiverlayTests" */ = {
			isa = XCConfigurationList;
			buildConfigurations = (
				FE68E08725F68C44004CC11C /* Debug */,
				FE68E08825F68C44004CC11C /* Release */,
			);
			defaultConfigurationIsVisible = 0;
			defaultConfigurationName = Release;
		};
/* End XCConfigurationList section */
	};
	rootObject = FE33E15625F3BC78003CBF05 /* Project object */;
}
